
Microsoft Visual Studio Solution File, Format Version 12.00
# Visual Studio Version 17
VisualStudioVersion = 17.4.33122.133
MinimumVisualStudioVersion = 10.0.40219.1
Project("{FAE04EC0-301F-11D3-BF4B-00C04F79EFBC}") = "ZoriqWebApp", "ZoriqWebApp\ZoriqWebApp.csproj", "{DE1C8862-FDC0-4877-8C04-56BCB692FBF9}"
EndProject
Project("{FAE04EC0-301F-11D3-BF4B-00C04F79EFBC}") = "DomainLayer", "DomainLayer\DomainLayer.csproj", "{5592395B-975C-46A1-8D49-B46BCF8E9F5C}"
EndProject
Project("{FAE04EC0-301F-11D3-BF4B-00C04F79EFBC}") = "RepositoryLayer", "RepositoryLayer\RepositoryLayer.csproj", "{6F180764-74D0-4445-B137-9175CA373CB3}"
EndProject
Project("{FAE04EC0-301F-11D3-BF4B-00C04F79EFBC}") = "ServiceLayer", "ServiceLayer\ServiceLayer.csproj", "{3622B030-A18C-4146-95E5-235D19E75F0B}"
EndProject
Project("{FAE04EC0-301F-11D3-BF4B-00C04F79EFBC}") = "PresentationLayer", "PresentationLayer\PresentationLayer.csproj", "{88039D73-1F3B-4CDC-8F98-7B8B49A11412}"
EndProject
Global
	GlobalSection(SolutionConfigurationPlatforms) = preSolution
		Debug|Any CPU = Debug|Any CPU
		Release|Any CPU = Release|Any CPU
	EndGlobalSection
	GlobalSection(ProjectConfigurationPlatforms) = postSolution
		{DE1C8862-FDC0-4877-8C04-56BCB692FBF9}.Debug|Any CPU.ActiveCfg = Debug|Any CPU
		{DE1C8862-FDC0-4877-8C04-56BCB692FBF9}.Debug|Any CPU.Build.0 = Debug|Any CPU
		{DE1C8862-FDC0-4877-8C04-56BCB692FBF9}.Release|Any CPU.ActiveCfg = Release|Any CPU
		{DE1C8862-FDC0-4877-8C04-56BCB692FBF9}.Release|Any CPU.Build.0 = Release|Any CPU
		{5592395B-975C-46A1-8D49-B46BCF8E9F5C}.Debug|Any CPU.ActiveCfg = Debug|Any CPU
		{5592395B-975C-46A1-8D49-B46BCF8E9F5C}.Debug|Any CPU.Build.0 = Debug|Any CPU
		{5592395B-975C-46A1-8D49-B46BCF8E9F5C}.Release|Any CPU.ActiveCfg = Release|Any CPU
		{5592395B-975C-46A1-8D49-B46BCF8E9F5C}.Release|Any CPU.Build.0 = Release|Any CPU
		{6F180764-74D0-4445-B137-9175CA373CB3}.Debug|Any CPU.ActiveCfg = Debug|Any CPU
		{6F180764-74D0-4445-B137-9175CA373CB3}.Debug|Any CPU.Build.0 = Debug|Any CPU
		{6F180764-74D0-4445-B137-9175CA373CB3}.Release|Any CPU.ActiveCfg = Release|Any CPU
		{6F180764-74D0-4445-B137-9175CA373CB3}.Release|Any CPU.Build.0 = Release|Any CPU
		{3622B030-A18C-4146-95E5-235D19E75F0B}.Debug|Any CPU.ActiveCfg = Debug|Any CPU
		{3622B030-A18C-4146-95E5-235D19E75F0B}.Debug|Any CPU.Build.0 = Debug|Any CPU
		{3622B030-A18C-4146-95E5-235D19E75F0B}.Release|Any CPU.ActiveCfg = Release|Any CPU
		{3622B030-A18C-4146-95E5-235D19E75F0B}.Release|Any CPU.Build.0 = Release|Any CPU
		{88039D73-1F3B-4CDC-8F98-7B8B49A11412}.Debug|Any CPU.ActiveCfg = Debug|Any CPU
		{88039D73-1F3B-4CDC-8F98-7B8B49A11412}.Debug|Any CPU.Build.0 = Debug|Any CPU
		{88039D73-1F3B-4CDC-8F98-7B8B49A11412}.Release|Any CPU.ActiveCfg = Release|Any CPU
		{88039D73-1F3B-4CDC-8F98-7B8B49A11412}.Release|Any CPU.Build.0 = Release|Any CPU
	EndGlobalSection
	GlobalSection(SolutionProperties) = preSolution
		HideSolutionNode = FALSE
	EndGlobalSection
	GlobalSection(ExtensibilityGlobals) = postSolution
		SolutionGuid = {19437E20-135F-4258-B948-11D1FD36D34D}
	EndGlobalSection
EndGlobal
